
Microsoft Visual Studio Solution File, Format Version 12.00
# Visual Studio Version 16
VisualStudioVersion = 16.0.30114.105
MinimumVisualStudioVersion = 10.0.40219.1
Project("{FAE04EC0-301F-11D3-BF4B-00C04F79EFBC}") = "Api", "Api\Api.csproj", "{8A670EB4-A6BC-41A0-9B84-44241FA3B579}"
EndProject
Project("{FAE04EC0-301F-11D3-BF4B-00C04F79EFBC}") = "Client", "Client\Client.csproj", "{AB1BDCFA-E3D2-467F-8606-FB4308ED8596}"
EndProject
Project("{FAE04EC0-301F-11D3-BF4B-00C04F79EFBC}") = "Shared", "Shared\Shared.csproj", "{B73DEACF-90F5-437E-BC9E-0639CB457D7D}"
EndProject
Global
	GlobalSection(SolutionConfigurationPlatforms) = preSolution
		Debug|Any CPU = Debug|Any CPU
		Release|Any CPU = Release|Any CPU
	EndGlobalSection
	GlobalSection(SolutionProperties) = preSolution
		HideSolutionNode = FALSE
	EndGlobalSection
	GlobalSection(ProjectConfigurationPlatforms) = postSolution
		{8A670EB4-A6BC-41A0-9B84-44241FA3B579}.Debug|Any CPU.ActiveCfg = Debug|Any CPU
		{8A670EB4-A6BC-41A0-9B84-44241FA3B579}.Debug|Any CPU.Build.0 = Debug|Any CPU
		{8A670EB4-A6BC-41A0-9B84-44241FA3B579}.Release|Any CPU.ActiveCfg = Release|Any CPU
		{8A670EB4-A6BC-41A0-9B84-44241FA3B579}.Release|Any CPU.Build.0 = Release|Any CPU
		{AB1BDCFA-E3D2-467F-8606-FB4308ED8596}.Debug|Any CPU.ActiveCfg = Debug|Any CPU
		{AB1BDCFA-E3D2-467F-8606-FB4308ED8596}.Debug|Any CPU.Build.0 = Debug|Any CPU
		{AB1BDCFA-E3D2-467F-8606-FB4308ED8596}.Release|Any CPU.ActiveCfg = Release|Any CPU
		{AB1BDCFA-E3D2-467F-8606-FB4308ED8596}.Release|Any CPU.Build.0 = Release|Any CPU
		{B73DEACF-90F5-437E-BC9E-0639CB457D7D}.Debug|Any CPU.ActiveCfg = Debug|Any CPU
		{B73DEACF-90F5-437E-BC9E-0639CB457D7D}.Debug|Any CPU.Build.0 = Debug|Any CPU
		{B73DEACF-90F5-437E-BC9E-0639CB457D7D}.Release|Any CPU.ActiveCfg = Release|Any CPU
		{B73DEACF-90F5-437E-BC9E-0639CB457D7D}.Release|Any CPU.Build.0 = Release|Any CPU
	EndGlobalSection
EndGlobal
